{
  "name": "bug-ts-server-scoped-global-types-reproduce",
  "version": "1.65.1",
  "lockfileVersion": 1,
  "requires": true,
  "dependencies": {
    "@openui5/ts-types": {
      "version": "1.65.1",
      "resolved": "https://registry.npmjs.org/@openui5/ts-types/-/ts-types-1.65.1.tgz",
      "integrity": "sha512-PGBgtnCP7hnXcq46Dwr4CUiJeC8/JxI9MxpRKgSs8bKr86ORFMbY2RxcFteyUdfnOY3M1lqg/twRISnINSR9PQ==",
      "dev": true
    },
    "@types/jquery": {
      "version": "3.3.1",
      "resolved": "https://registry.npmjs.org/@types/jquery/-/jquery-3.3.1.tgz",
      "integrity": "sha512-N3h+rzN518yl2xKrW0o6KKdNmWZ+OwG6SoM5TBEQFF0tTv5wXPEsoOuYQ2Kt3/89XbcSZUJLdjiT/2c3BR/ApQ==",
      "dev": true
    },
    "chevrotain": {
      "version": "4.8.1",
      "resolved": "https://registry.npmjs.org/chevrotain/-/chevrotain-4.8.1.tgz",
      "integrity": "sha512-Dd2oHFdscdm8MSmG0ejTXdMlqKR5ryeKuwLpsf1ZOs3l8HD/jPfIY0MYs9Eh4X3gm9h0CR155zpVYFK+uAI3tA==",
      "dev": true,
      "requires": {
        "regexp-to-ast": "0.4.0"
      }
    },
    "regexp-to-ast": {
      "version": "0.4.0",
      "resolved": "https://registry.npmjs.org/regexp-to-ast/-/regexp-to-ast-0.4.0.tgz",
      "integrity": "sha512-4qf/7IsIKfSNHQXSwial1IFmfM1Cc/whNBQqRwe0V2stPe7KmN1U0tWQiIx6JiirgSrisjE0eECdNf7Tav1Ntw==",
      "dev": true
    }
  }
}
